
Microsoft Visual Studio Solution File, Format Version 11.00
# Visual Studio 2010
Project("{FAE04EC0-301F-11D3-BF4B-00C04F79EFBC}") = "UnityWordGames", "Assembly-CSharp.csproj", "{ED746703-5A54-7A89-618A-B5C0C5E45F51}"
EndProject
Global
	GlobalSection(SolutionConfigurationPlatforms) = preSolution
		Debug|Any CPU = Debug|Any CPU
		Release|Any CPU = Release|Any CPU
	EndGlobalSection
	GlobalSection(ProjectConfigurationPlatforms) = postSolution
		{ED746703-5A54-7A89-618A-B5C0C5E45F51}.Debug|Any CPU.ActiveCfg = Debug|Any CPU
		{ED746703-5A54-7A89-618A-B5C0C5E45F51}.Debug|Any CPU.Build.0 = Debug|Any CPU
		{ED746703-5A54-7A89-618A-B5C0C5E45F51}.Release|Any CPU.ActiveCfg = Release|Any CPU
		{ED746703-5A54-7A89-618A-B5C0C5E45F51}.Release|Any CPU.Build.0 = Release|Any CPU
	EndGlobalSection
	GlobalSection(SolutionProperties) = preSolution
		HideSolutionNode = FALSE
	EndGlobalSection
	GlobalSection(MonoDevelopProperties) = preSolution
		StartupItem = Assembly-CSharp.csproj
	EndGlobalSection
EndGlobal
